
Microsoft Visual Studio Solution File, Format Version 12.00
# Visual Studio Version 17
VisualStudioVersion = 17.0.31903.59
MinimumVisualStudioVersion = 10.0.40219.1
Project("{FAE04EC0-301F-11D3-BF4B-00C04F79EFBC}") = "JLMS.Api", "JLMS.Api\JLMS.Api.csproj", "{D4230BC9-CD3F-479C-A7AC-F2845F12DB30}"
EndProject
Global
	GlobalSection(SolutionConfigurationPlatforms) = preSolution
		Debug|Any CPU = Debug|Any CPU
		Release|Any CPU = Release|Any CPU
	EndGlobalSection
	GlobalSection(ProjectConfigurationPlatforms) = postSolution
		{D4230BC9-CD3F-479C-A7AC-F2845F12DB30}.Debug|Any CPU.ActiveCfg = Debug|Any CPU
		{D4230BC9-CD3F-479C-A7AC-F2845F12DB30}.Debug|Any CPU.Build.0 = Debug|Any CPU
		{D4230BC9-CD3F-479C-A7AC-F2845F12DB30}.Release|Any CPU.ActiveCfg = Release|Any CPU
		{D4230BC9-CD3F-479C-A7AC-F2845F12DB30}.Release|Any CPU.Build.0 = Release|Any CPU
	EndGlobalSection
	GlobalSection(SolutionProperties) = preSolution
		HideSolutionNode = FALSE
	EndGlobalSection
	GlobalSection(ExtensibilityGlobals) = postSolution
		SolutionGuid = {2501AB39-3323-4321-82E4-A97245248CF0}
	EndGlobalSection
EndGlobal
